
Microsoft Visual Studio Solution File, Format Version 12.00
# Visual Studio 14
VisualStudioVersion = 14.0.25420.1
MinimumVisualStudioVersion = 10.0.40219.1
Project("{FAE04EC0-301F-11D3-BF4B-00C04F79EFBC}") = "HelpYourSelf", "HelpYourSelf\HelpYourSelf.csproj", "{6E80C845-A3CB-43A8-AF5F-CD73BD475E1F}"
EndProject
Project("{FAE04EC0-301F-11D3-BF4B-00C04F79EFBC}") = "Layer.Model", "Layer.Model\Layer.Model.csproj", "{E10C2896-DF63-4112-9D08-9259AFF299F4}"
EndProject
Project("{FAE04EC0-301F-11D3-BF4B-00C04F79EFBC}") = "Layer.Business", "Layer.Business\Layer.Business.csproj", "{6B92B700-0B48-4948-A964-66827DCE0BA9}"
EndProject
Project("{FAE04EC0-301F-11D3-BF4B-00C04F79EFBC}") = "Layer.Data", "Layer.Data\Layer.Data.csproj", "{AA227114-E103-46EE-85DF-4878B68E10BC}"
EndProject
Global
	GlobalSection(SolutionConfigurationPlatforms) = preSolution
		Debug|Any CPU = Debug|Any CPU
		Release|Any CPU = Release|Any CPU
	EndGlobalSection
	GlobalSection(ProjectConfigurationPlatforms) = postSolution
		{6E80C845-A3CB-43A8-AF5F-CD73BD475E1F}.Debug|Any CPU.ActiveCfg = Debug|Any CPU
		{6E80C845-A3CB-43A8-AF5F-CD73BD475E1F}.Debug|Any CPU.Build.0 = Debug|Any CPU
		{6E80C845-A3CB-43A8-AF5F-CD73BD475E1F}.Release|Any CPU.ActiveCfg = Release|Any CPU
		{6E80C845-A3CB-43A8-AF5F-CD73BD475E1F}.Release|Any CPU.Build.0 = Release|Any CPU
		{E10C2896-DF63-4112-9D08-9259AFF299F4}.Debug|Any CPU.ActiveCfg = Debug|Any CPU
		{E10C2896-DF63-4112-9D08-9259AFF299F4}.Debug|Any CPU.Build.0 = Debug|Any CPU
		{E10C2896-DF63-4112-9D08-9259AFF299F4}.Release|Any CPU.ActiveCfg = Release|Any CPU
		{E10C2896-DF63-4112-9D08-9259AFF299F4}.Release|Any CPU.Build.0 = Release|Any CPU
		{6B92B700-0B48-4948-A964-66827DCE0BA9}.Debug|Any CPU.ActiveCfg = Debug|Any CPU
		{6B92B700-0B48-4948-A964-66827DCE0BA9}.Debug|Any CPU.Build.0 = Debug|Any CPU
		{6B92B700-0B48-4948-A964-66827DCE0BA9}.Release|Any CPU.ActiveCfg = Release|Any CPU
		{6B92B700-0B48-4948-A964-66827DCE0BA9}.Release|Any CPU.Build.0 = Release|Any CPU
		{AA227114-E103-46EE-85DF-4878B68E10BC}.Debug|Any CPU.ActiveCfg = Debug|Any CPU
		{AA227114-E103-46EE-85DF-4878B68E10BC}.Debug|Any CPU.Build.0 = Debug|Any CPU
		{AA227114-E103-46EE-85DF-4878B68E10BC}.Release|Any CPU.ActiveCfg = Release|Any CPU
		{AA227114-E103-46EE-85DF-4878B68E10BC}.Release|Any CPU.Build.0 = Release|Any CPU
	EndGlobalSection
	GlobalSection(SolutionProperties) = preSolution
		HideSolutionNode = FALSE
	EndGlobalSection
EndGlobal
